
Microsoft Visual Studio Solution File, Format Version 12.00
# Visual Studio Version 17
VisualStudioVersion = 17.5.33414.496
MinimumVisualStudioVersion = 10.0.40219.1
Project("{9A19103F-16F7-4668-BE54-9A1E7A4F7556}") = "APBConfigManager.UI", "APBConfigManager.UI\APBConfigManager.UI.csproj", "{A362D4F3-95A7-4B08-B9B7-542DF120EBEC}"
EndProject
Project("{FAE04EC0-301F-11D3-BF4B-00C04F79EFBC}") = "APBConfigManager", "APBConfigManager\APBConfigManager.csproj", "{52C74E87-80B3-44FA-B02A-2CED051A2CCD}"
EndProject
Global
	GlobalSection(SolutionConfigurationPlatforms) = preSolution
		Debug|Any CPU = Debug|Any CPU
		Release|Any CPU = Release|Any CPU
	EndGlobalSection
	GlobalSection(ProjectConfigurationPlatforms) = postSolution
		{A362D4F3-95A7-4B08-B9B7-542DF120EBEC}.Debug|Any CPU.ActiveCfg = Debug|Any CPU
		{A362D4F3-95A7-4B08-B9B7-542DF120EBEC}.Debug|Any CPU.Build.0 = Debug|Any CPU
		{A362D4F3-95A7-4B08-B9B7-542DF120EBEC}.Release|Any CPU.ActiveCfg = Release|Any CPU
		{A362D4F3-95A7-4B08-B9B7-542DF120EBEC}.Release|Any CPU.Build.0 = Release|Any CPU
		{52C74E87-80B3-44FA-B02A-2CED051A2CCD}.Debug|Any CPU.ActiveCfg = Debug|Any CPU
		{52C74E87-80B3-44FA-B02A-2CED051A2CCD}.Debug|Any CPU.Build.0 = Debug|Any CPU
		{52C74E87-80B3-44FA-B02A-2CED051A2CCD}.Release|Any CPU.ActiveCfg = Release|Any CPU
		{52C74E87-80B3-44FA-B02A-2CED051A2CCD}.Release|Any CPU.Build.0 = Release|Any CPU
	EndGlobalSection
	GlobalSection(SolutionProperties) = preSolution
		HideSolutionNode = FALSE
	EndGlobalSection
	GlobalSection(ExtensibilityGlobals) = postSolution
		SolutionGuid = {C7D50E00-6CC0-457B-AF1F-D6E7497825DB}
	EndGlobalSection
EndGlobal
